
Microsoft Visual Studio Solution File, Format Version 12.00
# Visual Studio Version 17
VisualStudioVersion = 17.6.33815.320
MinimumVisualStudioVersion = 10.0.40219.1
Project("{FAE04EC0-301F-11D3-BF4B-00C04F79EFBC}") = "CalcHyperParameterForDistanceLabelNoise", "CalcHyperParameterForDistanceLabelNoise\CalcHyperParameterForDistanceLabelNoise.csproj", "{4F7255F4-1EAE-471E-BB69-D28F4E69DFAB}"
EndProject
Global
	GlobalSection(SolutionConfigurationPlatforms) = preSolution
		Debug|Any CPU = Debug|Any CPU
		Release|Any CPU = Release|Any CPU
	EndGlobalSection
	GlobalSection(ProjectConfigurationPlatforms) = postSolution
		{4F7255F4-1EAE-471E-BB69-D28F4E69DFAB}.Debug|Any CPU.ActiveCfg = Debug|Any CPU
		{4F7255F4-1EAE-471E-BB69-D28F4E69DFAB}.Debug|Any CPU.Build.0 = Debug|Any CPU
		{4F7255F4-1EAE-471E-BB69-D28F4E69DFAB}.Release|Any CPU.ActiveCfg = Release|Any CPU
		{4F7255F4-1EAE-471E-BB69-D28F4E69DFAB}.Release|Any CPU.Build.0 = Release|Any CPU
	EndGlobalSection
	GlobalSection(SolutionProperties) = preSolution
		HideSolutionNode = FALSE
	EndGlobalSection
	GlobalSection(ExtensibilityGlobals) = postSolution
		SolutionGuid = {9E4FBC89-326F-41AA-939E-D447207FB841}
	EndGlobalSection
EndGlobal
